// !$*UTF8*$!
{
	archiveVersion = 1;
	classes = {
	};
	objectVersion = 46;
	objects = {

/* Begin PBXBuildFile section */
		2B9F311D176B82DD008D4D48 /* main.cpp in Sources */ = {isa = PBXBuildFile; fileRef = 2B9F311C176B82DD008D4D48 /* main.cpp */; };
		2B9F3127176B8371008D4D48 /* CoverageRaster.cpp in Sources */ = {isa = PBXBuildFile; fileRef = 2B9F3125176B8371008D4D48 /* CoverageRaster.cpp */; };
/* End PBXBuildFile section */

/* Begin PBXCopyFilesBuildPhase section */
		2B9F3117176B82DD008D4D48 /* CopyFiles */ = {
			isa = PBXCopyFilesBuildPhase;
			buildActionMask = 2147483647;
			dstPath = /usr/share/man/man1/;
			dstSubfolderSpec = 0;
			files = (
			);
			runOnlyForDeploymentPostprocessing = 1;
		};
/* End PBXCopyFilesBuildPhase section */

/* Begin PBXFileReference section */
		2B9F3119176B82DD008D4D48 /* TwoDCoverageRaster */ = {isa = PBXFileReference; explicitFileType = "compiled.mach-o.executable"; includeInIndex = 0; path = TwoDCoverageRaster; sourceTree = BUILT_PRODUCTS_DIR; };
		2B9F311C176B82DD008D4D48 /* main.cpp */ = {isa = PBXFileReference; lastKnownFileType = sourcecode.cpp.cpp; path = main.cpp; sourceTree = "<group>"; };
		2B9F3125176B8371008D4D48 /* CoverageRaster.cpp */ = {isa = PBXFileReference; fileEncoding = 4; lastKnownFileType = sourcecode.cpp.cpp; path = CoverageRaster.cpp; sourceTree = "<group>"; };
		2B9F3126176B8371008D4D48 /* CoverageRaster.h */ = {isa = PBXFileReference; fileEncoding = 4; lastKnownFileType = sourcecode.c.h; path = CoverageRaster.h; sourceTree = "<group>"; };
/* End PBXFileReference section */

/* Begin PBXFrameworksBuildPhase section */
		2B9F3116176B82DD008D4D48 /* Frameworks */ = {
			isa = PBXFrameworksBuildPhase;
			buildActionMask = 2147483647;
			files = (
			);
			runOnlyForDeploymentPostprocessing = 0;
		};
/* End PBXFrameworksBuildPhase section */

/* Begin PBXGroup section */
		2B9F3110176B82DD008D4D48 = {
			isa = PBXGroup;
			children = (
				2B9F3125176B8371008D4D48 /* CoverageRaster.cpp */,
				2B9F3126176B8371008D4D48 /* CoverageRaster.h */,
				2B9F311C176B82DD008D4D48 /* main.cpp */,
				2B9F311A176B82DD008D4D48 /* Products */,
			);
			sourceTree = "<group>";
		};
		2B9F311A176B82DD008D4D48 /* Products */ = {
			isa = PBXGroup;
			children = (
				2B9F3119176B82DD008D4D48 /* TwoDCoverageRaster */,
			);
			name = Products;
			sourceTree = "<group>";
		};
/* End PBXGroup section */

/* Begin PBXNativeTarget section */
		2B9F3118176B82DD008D4D48 /* TwoDCoverageRaster */ = {
			isa = PBXNativeTarget;
			buildConfigurationList = 2B9F3122176B82DD008D4D48 /* Build configuration list for PBXNativeTarget "TwoDCoverageRaster" */;
			buildPhases = (
				2B9F3115176B82DD008D4D48 /* Sources */,
				2B9F3116176B82DD008D4D48 /* Frameworks */,
				2B9F3117176B82DD008D4D48 /* CopyFiles */,
			);
			buildRules = (
			);
			dependencies = (
			);
			name = TwoDCoverageRaster;
			productName = TwoDCoverageRaster;
			productReference = 2B9F3119176B82DD008D4D48 /* TwoDCoverageRaster */;
			productType = "com.apple.product-type.tool";
		};
/* End PBXNativeTarget section */

/* Begin PBXProject section */
		2B9F3111176B82DD008D4D48 /* Project object */ = {
			isa = PBXProject;
			attributes = {
				LastUpgradeCheck = 0460;
			};
			buildConfigurationList = 2B9F3114176B82DD008D4D48 /* Build configuration list for PBXProject "TwoDCoverageRaster" */;
			compatibilityVersion = "Xcode 3.2";
			developmentRegion = English;
			hasScannedForEncodings = 0;
			knownRegions = (
				en,
			);
			mainGroup = 2B9F3110176B82DD008D4D48;
			productRefGroup = 2B9F311A176B82DD008D4D48 /* Products */;
			projectDirPath = "";
			projectRoot = "";
			targets = (
				2B9F3118176B82DD008D4D48 /* TwoDCoverageRaster */,
			);
		};
/* End PBXProject section */

/* Begin PBXSourcesBuildPhase section */
		2B9F3115176B82DD008D4D48 /* Sources */ = {
			isa = PBXSourcesBuildPhase;
			buildActionMask = 2147483647;
			files = (
				2B9F311D176B82DD008D4D48 /* main.cpp in Sources */,
				2B9F3127176B8371008D4D48 /* CoverageRaster.cpp in Sources */,
			);
			runOnlyForDeploymentPostprocessing = 0;
		};
/* End PBXSourcesBuildPhase section */

/* Begin XCBuildConfiguration section */
		2B9F3120176B82DD008D4D48 /* Debug */ = {
			isa = XCBuildConfiguration;
			buildSettings = {
				ALWAYS_SEARCH_USER_PATHS = NO;
				ARCHS = "$(ARCHS_STANDARD_64_BIT)";
				CLANG_CXX_LANGUAGE_STANDARD = "gnu++0x";
				CLANG_CXX_LIBRARY = "libc++";
				CLANG_WARN_CONSTANT_CONVERSION = YES;
				CLANG_WARN_EMPTY_BODY = YES;
				CLANG_WARN_ENUM_CONVERSION = YES;
				CLANG_WARN_INT_CONVERSION = YES;
				CLANG_WARN__DUPLICATE_METHOD_MATCH = YES;
				COPY_PHASE_STRIP = NO;
				GCC_C_LANGUAGE_STANDARD = gnu99;
				GCC_DYNAMIC_NO_PIC = NO;
				GCC_ENABLE_OBJC_EXCEPTIONS = YES;
				GCC_OPTIMIZATION_LEVEL = 0;
				GCC_PREPROCESSOR_DEFINITIONS = (
					"DEBUG=1",
					"$(inherited)",
				);
				GCC_SYMBOLS_PRIVATE_EXTERN = NO;
				GCC_WARN_64_TO_32_BIT_CONVERSION = YES;
				GCC_WARN_ABOUT_RETURN_TYPE = YES;
				GCC_WARN_UNINITIALIZED_AUTOS = YES;
				GCC_WARN_UNUSED_VARIABLE = YES;
				MACOSX_DEPLOYMENT_TARGET = 10.8;
				ONLY_ACTIVE_ARCH = YES;
				SDKROOT = macosx;
			};
			name = Debug;
		};
		2B9F3121176B82DD008D4D48 /* Release */ = {
			isa = XCBuildConfiguration;
			buildSettings = {
				ALWAYS_SEARCH_USER_PATHS = NO;
				ARCHS = "$(ARCHS_STANDARD_64_BIT)";
				CLANG_CXX_LANGUAGE_STANDARD = "gnu++0x";
				CLANG_CXX_LIBRARY = "libc++";
				CLANG_WARN_CONSTANT_CONVERSION = YES;
				CLANG_WARN_EMPTY_BODY = YES;
				CLANG_WARN_ENUM_CONVERSION = YES;
				CLANG_WARN_INT_CONVERSION = YES;
				CLANG_WARN__DUPLICATE_METHOD_MATCH = YES;
				COPY_PHASE_STRIP = YES;
				DEBUG_INFORMATION_FORMAT = "dwarf-with-dsym";
				GCC_C_LANGUAGE_STANDARD = gnu99;
				GCC_ENABLE_OBJC_EXCEPTIONS = YES;
				GCC_WARN_64_TO_32_BIT_CONVERSION = YES;
				GCC_WARN_ABOUT_RETURN_TYPE = YES;
				GCC_WARN_UNINITIALIZED_AUTOS = YES;
				GCC_WARN_UNUSED_VARIABLE = YES;
				MACOSX_DEPLOYMENT_TARGET = 10.8;
				SDKROOT = macosx;
			};
			name = Release;
		};
		2B9F3123176B82DD008D4D48 /* Debug */ = {
			isa = XCBuildConfiguration;
			buildSettings = {
				PRODUCT_NAME = "$(TARGET_NAME)";
			};
			name = Debug;
		};
		2B9F3124176B82DD008D4D48 /* Release */ = {
			isa = XCBuildConfiguration;
			buildSettings = {
				PRODUCT_NAME = "$(TARGET_NAME)";
			};
			name = Release;
		};
/* End XCBuildConfiguration section */

/* Begin XCConfigurationList section */
		2B9F3114176B82DD008D4D48 /* Build configuration list for PBXProject "TwoDCoverageRaster" */ = {
			isa = XCConfigurationList;
			buildConfigurations = (
				2B9F3120176B82DD008D4D48 /* Debug */,
				2B9F3121176B82DD008D4D48 /* Release */,
			);
			defaultConfigurationIsVisible = 0;
			defaultConfigurationName = Release;
		};
		2B9F3122176B82DD008D4D48 /* Build configuration list for PBXNativeTarget "TwoDCoverageRaster" */ = {
			isa = XCConfigurationList;
			buildConfigurations = (
				2B9F3123176B82DD008D4D48 /* Debug */,
				2B9F3124176B82DD008D4D48 /* Release */,
			);
			defaultConfigurationIsVisible = 0;
			defaultConfigurationName = Release;
		};
/* End XCConfigurationList section */
	};
	rootObject = 2B9F3111176B82DD008D4D48 /* Project object */;
}
